
Microsoft Visual Studio Solution File, Format Version 12.00
# Visual Studio 14
VisualStudioVersion = 14.0.25123.0
MinimumVisualStudioVersion = 10.0.40219.1
Project("{FAE04EC0-301F-11D3-BF4B-00C04F79EFBC}") = "WcfServiceLibraryTEST", "WcfServiceLibraryTEST\WcfServiceLibraryTEST.csproj", "{7FCDD9C9-90DD-41E7-9528-4E0DBBB04604}"
EndProject
Project("{FAE04EC0-301F-11D3-BF4B-00C04F79EFBC}") = "WindowsFormsApplication1", "WindowsFormsApplication1\WindowsFormsApplication1.csproj", "{42BABD4A-AB8F-47A4-B6D7-7501EE450CD8}"
	ProjectSection(ProjectDependencies) = postProject
		{7FCDD9C9-90DD-41E7-9528-4E0DBBB04604} = {7FCDD9C9-90DD-41E7-9528-4E0DBBB04604}
	EndProjectSection
EndProject
Global
	GlobalSection(SolutionConfigurationPlatforms) = preSolution
		Debug|Any CPU = Debug|Any CPU
		Release|Any CPU = Release|Any CPU
	EndGlobalSection
	GlobalSection(ProjectConfigurationPlatforms) = postSolution
		{7FCDD9C9-90DD-41E7-9528-4E0DBBB04604}.Debug|Any CPU.ActiveCfg = Debug|Any CPU
		{7FCDD9C9-90DD-41E7-9528-4E0DBBB04604}.Debug|Any CPU.Build.0 = Debug|Any CPU
		{7FCDD9C9-90DD-41E7-9528-4E0DBBB04604}.Release|Any CPU.ActiveCfg = Release|Any CPU
		{7FCDD9C9-90DD-41E7-9528-4E0DBBB04604}.Release|Any CPU.Build.0 = Release|Any CPU
		{42BABD4A-AB8F-47A4-B6D7-7501EE450CD8}.Debug|Any CPU.ActiveCfg = Debug|Any CPU
		{42BABD4A-AB8F-47A4-B6D7-7501EE450CD8}.Debug|Any CPU.Build.0 = Debug|Any CPU
		{42BABD4A-AB8F-47A4-B6D7-7501EE450CD8}.Release|Any CPU.ActiveCfg = Release|Any CPU
		{42BABD4A-AB8F-47A4-B6D7-7501EE450CD8}.Release|Any CPU.Build.0 = Release|Any CPU
	EndGlobalSection
	GlobalSection(SolutionProperties) = preSolution
		HideSolutionNode = FALSE
	EndGlobalSection
EndGlobal
